
Microsoft Visual Studio Solution File, Format Version 12.00
# Visual Studio Version 17
VisualStudioVersion = 17.0.31903.59
MinimumVisualStudioVersion = 10.0.40219.1
Project("{2150E333-8FDC-42A3-9474-1A3956D46DE8}") = "benchmarks", "benchmarks", "{66320409-64EC-F7C5-3DEF-65E7510DAAD1}"
EndProject
Project("{FAE04EC0-301F-11D3-BF4B-00C04F79EFBC}") = "Prague.Benchmarks", "benchmarks\Prague.Benchmarks\Prague.Benchmarks.csproj", "{B37BF052-F3BF-4705-B0CC-CA425FE81EA2}"
EndProject
Project("{2150E333-8FDC-42A3-9474-1A3956D46DE8}") = "src", "src", "{827E0CD3-B72D-47B6-A68D-7590B98EB39B}"
EndProject
Project("{FAE04EC0-301F-11D3-BF4B-00C04F79EFBC}") = "Prague.Core", "src\Prague.Core\Prague.Core.csproj", "{F49C505E-B40C-45F6-8090-52664F12898F}"
EndProject
Project("{FAE04EC0-301F-11D3-BF4B-00C04F79EFBC}") = "Prague.Attributes", "src\Prague.Attributes\Prague.Attributes.csproj", "{4778092F-A896-4587-B455-BAC857F68C0E}"
EndProject
Project("{FAE04EC0-301F-11D3-BF4B-00C04F79EFBC}") = "Prague.Kafka", "src\Prague.Kafka\Prague.Kafka.csproj", "{4CBBE9B2-2F40-4D09-B46E-8C71FE0E233C}"
EndProject
Project("{FAE04EC0-301F-11D3-BF4B-00C04F79EFBC}") = "Prague.Codegen", "src\Prague.Codegen\Prague.Codegen.csproj", "{E5C46379-3E18-4559-9158-BB89E8AD1A22}"
EndProject
Project("{2150E333-8FDC-42A3-9474-1A3956D46DE8}") = "tests", "tests", "{0AB3BF05-4346-4AA6-1389-037BE0695223}"
EndProject
Project("{FAE04EC0-301F-11D3-BF4B-00C04F79EFBC}") = "Prague.Tests.Models", "tests\Prague.Tests.Models\Prague.Tests.Models.csproj", "{2DE3238F-C47D-474A-984C-4007E0414334}"
EndProject
Project("{FAE04EC0-301F-11D3-BF4B-00C04F79EFBC}") = "Prague.Core.Tests", "tests\Prague.Core.Tests\Prague.Core.Tests.csproj", "{FD8E2AEC-32F2-4DA7-B979-F44298D14B73}"
EndProject
Project("{FAE04EC0-301F-11D3-BF4B-00C04F79EFBC}") = "Prague.Generated.Tests", "tests\Prague.Generated.Tests\Prague.Generated.Tests.csproj", "{A1B59A9F-D262-4132-A471-12FA39E2FC5C}"
EndProject
Project("{FAE04EC0-301F-11D3-BF4B-00C04F79EFBC}") = "Prague.DI.Tests", "tests\Prague.DI.Tests\Prague.DI.Tests.csproj", "{7D892AC4-6DC7-4DBB-BBEF-BD2B29940AD9}"
EndProject
Project("{FAE04EC0-301F-11D3-BF4B-00C04F79EFBC}") = "Prague.Kafka.TestAdaptor", "src\Prague.Kafka.TestAdaptor\Prague.Kafka.TestAdaptor.csproj", "{07EDA99B-06E2-41AD-A6FB-11B82E9DE258}"
EndProject
Project("{FAE04EC0-301F-11D3-BF4B-00C04F79EFBC}") = "Prague.Kafka.IntegrationTests", "tests\Prague.Kafka.IntegrationTests\Prague.Kafka.IntegrationTests.csproj", "{A5D09B26-2B2F-4E1E-9434-D37E0BAD2F17}"
EndProject
Project("{FAE04EC0-301F-11D3-BF4B-00C04F79EFBC}") = "Prague.Kafka.TestAdaptor.Tests", "tests\Prague.Kafka.TestAdaptor.Tests\Prague.Kafka.TestAdaptor.Tests.csproj", "{53873BDD-FF3F-438B-A45B-E6DD628AB964}"
EndProject
Project("{FAE04EC0-301F-11D3-BF4B-00C04F79EFBC}") = "Prague.Kafka.Tests", "tests\Prague.Kafka.Tests\Prague.Kafka.Tests.csproj", "{91C35909-2558-4055-A055-F06901C87E6B}"
EndProject
Project("{FAE04EC0-301F-11D3-BF4B-00C04F79EFBC}") = "Prague.Api.UI", "src\Prague.Api.UI\Prague.Api.UI.csproj", "{5469EA2F-4135-47FE-AE18-C7244AD81FE3}"
EndProject
Project("{FAE04EC0-301F-11D3-BF4B-00C04F79EFBC}") = "Prague.Api", "src\Prague.Api\Prague.Api.csproj", "{4A391D54-D763-448C-8C7B-2A88747E80DD}"
EndProject
Project("{FAE04EC0-301F-11D3-BF4B-00C04F79EFBC}") = "Prague", "src\Prague\Prague.csproj", "{C79F9793-58E9-4BAC-BA40-B4EEEBEFF4CA}"
EndProject
Global
	GlobalSection(SolutionConfigurationPlatforms) = preSolution
		Debug|Any CPU = Debug|Any CPU
		Debug|x64 = Debug|x64
		Debug|x86 = Debug|x86
		Release|Any CPU = Release|Any CPU
		Release|x64 = Release|x64
		Release|x86 = Release|x86
	EndGlobalSection
	GlobalSection(ProjectConfigurationPlatforms) = postSolution
		{B37BF052-F3BF-4705-B0CC-CA425FE81EA2}.Debug|Any CPU.ActiveCfg = Debug|Any CPU
		{B37BF052-F3BF-4705-B0CC-CA425FE81EA2}.Debug|Any CPU.Build.0 = Debug|Any CPU
		{B37BF052-F3BF-4705-B0CC-CA425FE81EA2}.Debug|x64.ActiveCfg = Debug|Any CPU
		{B37BF052-F3BF-4705-B0CC-CA425FE81EA2}.Debug|x64.Build.0 = Debug|Any CPU
		{B37BF052-F3BF-4705-B0CC-CA425FE81EA2}.Debug|x86.ActiveCfg = Debug|Any CPU
		{B37BF052-F3BF-4705-B0CC-CA425FE81EA2}.Debug|x86.Build.0 = Debug|Any CPU
		{B37BF052-F3BF-4705-B0CC-CA425FE81EA2}.Release|Any CPU.ActiveCfg = Release|Any CPU
		{B37BF052-F3BF-4705-B0CC-CA425FE81EA2}.Release|Any CPU.Build.0 = Release|Any CPU
		{B37BF052-F3BF-4705-B0CC-CA425FE81EA2}.Release|x64.ActiveCfg = Release|Any CPU
		{B37BF052-F3BF-4705-B0CC-CA425FE81EA2}.Release|x64.Build.0 = Release|Any CPU
		{B37BF052-F3BF-4705-B0CC-CA425FE81EA2}.Release|x86.ActiveCfg = Release|Any CPU
		{B37BF052-F3BF-4705-B0CC-CA425FE81EA2}.Release|x86.Build.0 = Release|Any CPU
		{F49C505E-B40C-45F6-8090-52664F12898F}.Debug|Any CPU.ActiveCfg = Debug|Any CPU
		{F49C505E-B40C-45F6-8090-52664F12898F}.Debug|Any CPU.Build.0 = Debug|Any CPU
		{F49C505E-B40C-45F6-8090-52664F12898F}.Debug|x64.ActiveCfg = Debug|Any CPU
		{F49C505E-B40C-45F6-8090-52664F12898F}.Debug|x64.Build.0 = Debug|Any CPU
		{F49C505E-B40C-45F6-8090-52664F12898F}.Debug|x86.ActiveCfg = Debug|Any CPU
		{F49C505E-B40C-45F6-8090-52664F12898F}.Debug|x86.Build.0 = Debug|Any CPU
		{F49C505E-B40C-45F6-8090-52664F12898F}.Release|Any CPU.ActiveCfg = Release|Any CPU
		{F49C505E-B40C-45F6-8090-52664F12898F}.Release|Any CPU.Build.0 = Release|Any CPU
		{F49C505E-B40C-45F6-8090-52664F12898F}.Release|x64.ActiveCfg = Release|Any CPU
		{F49C505E-B40C-45F6-8090-52664F12898F}.Release|x64.Build.0 = Release|Any CPU
		{F49C505E-B40C-45F6-8090-52664F12898F}.Release|x86.ActiveCfg = Release|Any CPU
		{F49C505E-B40C-45F6-8090-52664F12898F}.Release|x86.Build.0 = Release|Any CPU
		{4778092F-A896-4587-B455-BAC857F68C0E}.Debug|Any CPU.ActiveCfg = Debug|Any CPU
		{4778092F-A896-4587-B455-BAC857F68C0E}.Debug|Any CPU.Build.0 = Debug|Any CPU
		{4778092F-A896-4587-B455-BAC857F68C0E}.Debug|x64.ActiveCfg = Debug|Any CPU
		{4778092F-A896-4587-B455-BAC857F68C0E}.Debug|x64.Build.0 = Debug|Any CPU
		{4778092F-A896-4587-B455-BAC857F68C0E}.Debug|x86.ActiveCfg = Debug|Any CPU
		{4778092F-A896-4587-B455-BAC857F68C0E}.Debug|x86.Build.0 = Debug|Any CPU
		{4778092F-A896-4587-B455-BAC857F68C0E}.Release|Any CPU.ActiveCfg = Release|Any CPU
		{4778092F-A896-4587-B455-BAC857F68C0E}.Release|Any CPU.Build.0 = Release|Any CPU
		{4778092F-A896-4587-B455-BAC857F68C0E}.Release|x64.ActiveCfg = Release|Any CPU
		{4778092F-A896-4587-B455-BAC857F68C0E}.Release|x64.Build.0 = Release|Any CPU
		{4778092F-A896-4587-B455-BAC857F68C0E}.Release|x86.ActiveCfg = Release|Any CPU
		{4778092F-A896-4587-B455-BAC857F68C0E}.Release|x86.Build.0 = Release|Any CPU
		{4CBBE9B2-2F40-4D09-B46E-8C71FE0E233C}.Debug|Any CPU.ActiveCfg = Debug|Any CPU
		{4CBBE9B2-2F40-4D09-B46E-8C71FE0E233C}.Debug|Any CPU.Build.0 = Debug|Any CPU
		{4CBBE9B2-2F40-4D09-B46E-8C71FE0E233C}.Debug|x64.ActiveCfg = Debug|Any CPU
		{4CBBE9B2-2F40-4D09-B46E-8C71FE0E233C}.Debug|x64.Build.0 = Debug|Any CPU
		{4CBBE9B2-2F40-4D09-B46E-8C71FE0E233C}.Debug|x86.ActiveCfg = Debug|Any CPU
		{4CBBE9B2-2F40-4D09-B46E-8C71FE0E233C}.Debug|x86.Build.0 = Debug|Any CPU
		{4CBBE9B2-2F40-4D09-B46E-8C71FE0E233C}.Release|Any CPU.ActiveCfg = Release|Any CPU
		{4CBBE9B2-2F40-4D09-B46E-8C71FE0E233C}.Release|Any CPU.Build.0 = Release|Any CPU
		{4CBBE9B2-2F40-4D09-B46E-8C71FE0E233C}.Release|x64.ActiveCfg = Release|Any CPU
		{4CBBE9B2-2F40-4D09-B46E-8C71FE0E233C}.Release|x64.Build.0 = Release|Any CPU
		{4CBBE9B2-2F40-4D09-B46E-8C71FE0E233C}.Release|x86.ActiveCfg = Release|Any CPU
		{4CBBE9B2-2F40-4D09-B46E-8C71FE0E233C}.Release|x86.Build.0 = Release|Any CPU
		{E5C46379-3E18-4559-9158-BB89E8AD1A22}.Debug|Any CPU.ActiveCfg = Debug|Any CPU
		{E5C46379-3E18-4559-9158-BB89E8AD1A22}.Debug|Any CPU.Build.0 = Debug|Any CPU
		{E5C46379-3E18-4559-9158-BB89E8AD1A22}.Debug|x64.ActiveCfg = Debug|Any CPU
		{E5C46379-3E18-4559-9158-BB89E8AD1A22}.Debug|x64.Build.0 = Debug|Any CPU
		{E5C46379-3E18-4559-9158-BB89E8AD1A22}.Debug|x86.ActiveCfg = Debug|Any CPU
		{E5C46379-3E18-4559-9158-BB89E8AD1A22}.Debug|x86.Build.0 = Debug|Any CPU
		{E5C46379-3E18-4559-9158-BB89E8AD1A22}.Release|Any CPU.ActiveCfg = Release|Any CPU
		{E5C46379-3E18-4559-9158-BB89E8AD1A22}.Release|Any CPU.Build.0 = Release|Any CPU
		{E5C46379-3E18-4559-9158-BB89E8AD1A22}.Release|x64.ActiveCfg = Release|Any CPU
		{E5C46379-3E18-4559-9158-BB89E8AD1A22}.Release|x64.Build.0 = Release|Any CPU
		{E5C46379-3E18-4559-9158-BB89E8AD1A22}.Release|x86.ActiveCfg = Release|Any CPU
		{E5C46379-3E18-4559-9158-BB89E8AD1A22}.Release|x86.Build.0 = Release|Any CPU
		{2DE3238F-C47D-474A-984C-4007E0414334}.Debug|Any CPU.ActiveCfg = Debug|Any CPU
		{2DE3238F-C47D-474A-984C-4007E0414334}.Debug|Any CPU.Build.0 = Debug|Any CPU
		{2DE3238F-C47D-474A-984C-4007E0414334}.Debug|x64.ActiveCfg = Debug|Any CPU
		{2DE3238F-C47D-474A-984C-4007E0414334}.Debug|x64.Build.0 = Debug|Any CPU
		{2DE3238F-C47D-474A-984C-4007E0414334}.Debug|x86.ActiveCfg = Debug|Any CPU
		{2DE3238F-C47D-474A-984C-4007E0414334}.Debug|x86.Build.0 = Debug|Any CPU
		{2DE3238F-C47D-474A-984C-4007E0414334}.Release|Any CPU.ActiveCfg = Release|Any CPU
		{2DE3238F-C47D-474A-984C-4007E0414334}.Release|Any CPU.Build.0 = Release|Any CPU
		{2DE3238F-C47D-474A-984C-4007E0414334}.Release|x64.ActiveCfg = Release|Any CPU
		{2DE3238F-C47D-474A-984C-4007E0414334}.Release|x64.Build.0 = Release|Any CPU
		{2DE3238F-C47D-474A-984C-4007E0414334}.Release|x86.ActiveCfg = Release|Any CPU
		{2DE3238F-C47D-474A-984C-4007E0414334}.Release|x86.Build.0 = Release|Any CPU
		{FD8E2AEC-32F2-4DA7-B979-F44298D14B73}.Debug|Any CPU.ActiveCfg = Debug|Any CPU
		{FD8E2AEC-32F2-4DA7-B979-F44298D14B73}.Debug|Any CPU.Build.0 = Debug|Any CPU
		{FD8E2AEC-32F2-4DA7-B979-F44298D14B73}.Debug|x64.ActiveCfg = Debug|Any CPU
		{FD8E2AEC-32F2-4DA7-B979-F44298D14B73}.Debug|x64.Build.0 = Debug|Any CPU
		{FD8E2AEC-32F2-4DA7-B979-F44298D14B73}.Debug|x86.ActiveCfg = Debug|Any CPU
		{FD8E2AEC-32F2-4DA7-B979-F44298D14B73}.Debug|x86.Build.0 = Debug|Any CPU
		{FD8E2AEC-32F2-4DA7-B979-F44298D14B73}.Release|Any CPU.ActiveCfg = Release|Any CPU
		{FD8E2AEC-32F2-4DA7-B979-F44298D14B73}.Release|Any CPU.Build.0 = Release|Any CPU
		{FD8E2AEC-32F2-4DA7-B979-F44298D14B73}.Release|x64.ActiveCfg = Release|Any CPU
		{FD8E2AEC-32F2-4DA7-B979-F44298D14B73}.Release|x64.Build.0 = Release|Any CPU
		{FD8E2AEC-32F2-4DA7-B979-F44298D14B73}.Release|x86.ActiveCfg = Release|Any CPU
		{FD8E2AEC-32F2-4DA7-B979-F44298D14B73}.Release|x86.Build.0 = Release|Any CPU
		{A1B59A9F-D262-4132-A471-12FA39E2FC5C}.Debug|Any CPU.ActiveCfg = Debug|Any CPU
		{A1B59A9F-D262-4132-A471-12FA39E2FC5C}.Debug|Any CPU.Build.0 = Debug|Any CPU
		{A1B59A9F-D262-4132-A471-12FA39E2FC5C}.Debug|x64.ActiveCfg = Debug|Any CPU
		{A1B59A9F-D262-4132-A471-12FA39E2FC5C}.Debug|x64.Build.0 = Debug|Any CPU
		{A1B59A9F-D262-4132-A471-12FA39E2FC5C}.Debug|x86.ActiveCfg = Debug|Any CPU
		{A1B59A9F-D262-4132-A471-12FA39E2FC5C}.Debug|x86.Build.0 = Debug|Any CPU
		{A1B59A9F-D262-4132-A471-12FA39E2FC5C}.Release|Any CPU.ActiveCfg = Release|Any CPU
		{A1B59A9F-D262-4132-A471-12FA39E2FC5C}.Release|Any CPU.Build.0 = Release|Any CPU
		{A1B59A9F-D262-4132-A471-12FA39E2FC5C}.Release|x64.ActiveCfg = Release|Any CPU
		{A1B59A9F-D262-4132-A471-12FA39E2FC5C}.Release|x64.Build.0 = Release|Any CPU
		{A1B59A9F-D262-4132-A471-12FA39E2FC5C}.Release|x86.ActiveCfg = Release|Any CPU
		{A1B59A9F-D262-4132-A471-12FA39E2FC5C}.Release|x86.Build.0 = Release|Any CPU
		{7D892AC4-6DC7-4DBB-BBEF-BD2B29940AD9}.Debug|Any CPU.ActiveCfg = Debug|Any CPU
		{7D892AC4-6DC7-4DBB-BBEF-BD2B29940AD9}.Debug|Any CPU.Build.0 = Debug|Any CPU
		{7D892AC4-6DC7-4DBB-BBEF-BD2B29940AD9}.Debug|x64.ActiveCfg = Debug|Any CPU
		{7D892AC4-6DC7-4DBB-BBEF-BD2B29940AD9}.Debug|x64.Build.0 = Debug|Any CPU
		{7D892AC4-6DC7-4DBB-BBEF-BD2B29940AD9}.Debug|x86.ActiveCfg = Debug|Any CPU
		{7D892AC4-6DC7-4DBB-BBEF-BD2B29940AD9}.Debug|x86.Build.0 = Debug|Any CPU
		{7D892AC4-6DC7-4DBB-BBEF-BD2B29940AD9}.Release|Any CPU.ActiveCfg = Release|Any CPU
		{7D892AC4-6DC7-4DBB-BBEF-BD2B29940AD9}.Release|Any CPU.Build.0 = Release|Any CPU
		{7D892AC4-6DC7-4DBB-BBEF-BD2B29940AD9}.Release|x64.ActiveCfg = Release|Any CPU
		{7D892AC4-6DC7-4DBB-BBEF-BD2B29940AD9}.Release|x64.Build.0 = Release|Any CPU
		{7D892AC4-6DC7-4DBB-BBEF-BD2B29940AD9}.Release|x86.ActiveCfg = Release|Any CPU
		{7D892AC4-6DC7-4DBB-BBEF-BD2B29940AD9}.Release|x86.Build.0 = Release|Any CPU
		{07EDA99B-06E2-41AD-A6FB-11B82E9DE258}.Debug|Any CPU.ActiveCfg = Debug|Any CPU
		{07EDA99B-06E2-41AD-A6FB-11B82E9DE258}.Debug|Any CPU.Build.0 = Debug|Any CPU
		{07EDA99B-06E2-41AD-A6FB-11B82E9DE258}.Debug|x64.ActiveCfg = Debug|Any CPU
		{07EDA99B-06E2-41AD-A6FB-11B82E9DE258}.Debug|x64.Build.0 = Debug|Any CPU
		{07EDA99B-06E2-41AD-A6FB-11B82E9DE258}.Debug|x86.ActiveCfg = Debug|Any CPU
		{07EDA99B-06E2-41AD-A6FB-11B82E9DE258}.Debug|x86.Build.0 = Debug|Any CPU
		{07EDA99B-06E2-41AD-A6FB-11B82E9DE258}.Release|Any CPU.ActiveCfg = Release|Any CPU
		{07EDA99B-06E2-41AD-A6FB-11B82E9DE258}.Release|Any CPU.Build.0 = Release|Any CPU
		{07EDA99B-06E2-41AD-A6FB-11B82E9DE258}.Release|x64.ActiveCfg = Release|Any CPU
		{07EDA99B-06E2-41AD-A6FB-11B82E9DE258}.Release|x64.Build.0 = Release|Any CPU
		{07EDA99B-06E2-41AD-A6FB-11B82E9DE258}.Release|x86.ActiveCfg = Release|Any CPU
		{07EDA99B-06E2-41AD-A6FB-11B82E9DE258}.Release|x86.Build.0 = Release|Any CPU
		{A5D09B26-2B2F-4E1E-9434-D37E0BAD2F17}.Debug|Any CPU.ActiveCfg = Debug|Any CPU
		{A5D09B26-2B2F-4E1E-9434-D37E0BAD2F17}.Debug|Any CPU.Build.0 = Debug|Any CPU
		{A5D09B26-2B2F-4E1E-9434-D37E0BAD2F17}.Debug|x64.ActiveCfg = Debug|Any CPU
		{A5D09B26-2B2F-4E1E-9434-D37E0BAD2F17}.Debug|x64.Build.0 = Debug|Any CPU
		{A5D09B26-2B2F-4E1E-9434-D37E0BAD2F17}.Debug|x86.ActiveCfg = Debug|Any CPU
		{A5D09B26-2B2F-4E1E-9434-D37E0BAD2F17}.Debug|x86.Build.0 = Debug|Any CPU
		{A5D09B26-2B2F-4E1E-9434-D37E0BAD2F17}.Release|Any CPU.ActiveCfg = Release|Any CPU
		{A5D09B26-2B2F-4E1E-9434-D37E0BAD2F17}.Release|Any CPU.Build.0 = Release|Any CPU
		{A5D09B26-2B2F-4E1E-9434-D37E0BAD2F17}.Release|x64.ActiveCfg = Release|Any CPU
		{A5D09B26-2B2F-4E1E-9434-D37E0BAD2F17}.Release|x64.Build.0 = Release|Any CPU
		{A5D09B26-2B2F-4E1E-9434-D37E0BAD2F17}.Release|x86.ActiveCfg = Release|Any CPU
		{A5D09B26-2B2F-4E1E-9434-D37E0BAD2F17}.Release|x86.Build.0 = Release|Any CPU
		{53873BDD-FF3F-438B-A45B-E6DD628AB964}.Debug|Any CPU.ActiveCfg = Debug|Any CPU
		{53873BDD-FF3F-438B-A45B-E6DD628AB964}.Debug|Any CPU.Build.0 = Debug|Any CPU
		{53873BDD-FF3F-438B-A45B-E6DD628AB964}.Debug|x64.ActiveCfg = Debug|Any CPU
		{53873BDD-FF3F-438B-A45B-E6DD628AB964}.Debug|x64.Build.0 = Debug|Any CPU
		{53873BDD-FF3F-438B-A45B-E6DD628AB964}.Debug|x86.ActiveCfg = Debug|Any CPU
		{53873BDD-FF3F-438B-A45B-E6DD628AB964}.Debug|x86.Build.0 = Debug|Any CPU
		{53873BDD-FF3F-438B-A45B-E6DD628AB964}.Release|Any CPU.ActiveCfg = Release|Any CPU
		{53873BDD-FF3F-438B-A45B-E6DD628AB964}.Release|Any CPU.Build.0 = Release|Any CPU
		{53873BDD-FF3F-438B-A45B-E6DD628AB964}.Release|x64.ActiveCfg = Release|Any CPU
		{53873BDD-FF3F-438B-A45B-E6DD628AB964}.Release|x64.Build.0 = Release|Any CPU
		{53873BDD-FF3F-438B-A45B-E6DD628AB964}.Release|x86.ActiveCfg = Release|Any CPU
		{53873BDD-FF3F-438B-A45B-E6DD628AB964}.Release|x86.Build.0 = Release|Any CPU
		{91C35909-2558-4055-A055-F06901C87E6B}.Debug|Any CPU.ActiveCfg = Debug|Any CPU
		{91C35909-2558-4055-A055-F06901C87E6B}.Debug|Any CPU.Build.0 = Debug|Any CPU
		{91C35909-2558-4055-A055-F06901C87E6B}.Debug|x64.ActiveCfg = Debug|Any CPU
		{91C35909-2558-4055-A055-F06901C87E6B}.Debug|x64.Build.0 = Debug|Any CPU
		{91C35909-2558-4055-A055-F06901C87E6B}.Debug|x86.ActiveCfg = Debug|Any CPU
		{91C35909-2558-4055-A055-F06901C87E6B}.Debug|x86.Build.0 = Debug|Any CPU
		{91C35909-2558-4055-A055-F06901C87E6B}.Release|Any CPU.ActiveCfg = Release|Any CPU
		{91C35909-2558-4055-A055-F06901C87E6B}.Release|Any CPU.Build.0 = Release|Any CPU
		{91C35909-2558-4055-A055-F06901C87E6B}.Release|x64.ActiveCfg = Release|Any CPU
		{91C35909-2558-4055-A055-F06901C87E6B}.Release|x64.Build.0 = Release|Any CPU
		{91C35909-2558-4055-A055-F06901C87E6B}.Release|x86.ActiveCfg = Release|Any CPU
		{91C35909-2558-4055-A055-F06901C87E6B}.Release|x86.Build.0 = Release|Any CPU
		{5469EA2F-4135-47FE-AE18-C7244AD81FE3}.Debug|Any CPU.ActiveCfg = Debug|Any CPU
		{5469EA2F-4135-47FE-AE18-C7244AD81FE3}.Debug|Any CPU.Build.0 = Debug|Any CPU
		{5469EA2F-4135-47FE-AE18-C7244AD81FE3}.Debug|x64.ActiveCfg = Debug|Any CPU
		{5469EA2F-4135-47FE-AE18-C7244AD81FE3}.Debug|x64.Build.0 = Debug|Any CPU
		{5469EA2F-4135-47FE-AE18-C7244AD81FE3}.Debug|x86.ActiveCfg = Debug|Any CPU
		{5469EA2F-4135-47FE-AE18-C7244AD81FE3}.Debug|x86.Build.0 = Debug|Any CPU
		{5469EA2F-4135-47FE-AE18-C7244AD81FE3}.Release|Any CPU.ActiveCfg = Release|Any CPU
		{5469EA2F-4135-47FE-AE18-C7244AD81FE3}.Release|Any CPU.Build.0 = Release|Any CPU
		{5469EA2F-4135-47FE-AE18-C7244AD81FE3}.Release|x64.ActiveCfg = Release|Any CPU
		{5469EA2F-4135-47FE-AE18-C7244AD81FE3}.Release|x64.Build.0 = Release|Any CPU
		{5469EA2F-4135-47FE-AE18-C7244AD81FE3}.Release|x86.ActiveCfg = Release|Any CPU
		{5469EA2F-4135-47FE-AE18-C7244AD81FE3}.Release|x86.Build.0 = Release|Any CPU
		{4A391D54-D763-448C-8C7B-2A88747E80DD}.Debug|Any CPU.ActiveCfg = Debug|Any CPU
		{4A391D54-D763-448C-8C7B-2A88747E80DD}.Debug|Any CPU.Build.0 = Debug|Any CPU
		{4A391D54-D763-448C-8C7B-2A88747E80DD}.Debug|x64.ActiveCfg = Debug|Any CPU
		{4A391D54-D763-448C-8C7B-2A88747E80DD}.Debug|x64.Build.0 = Debug|Any CPU
		{4A391D54-D763-448C-8C7B-2A88747E80DD}.Debug|x86.ActiveCfg = Debug|Any CPU
		{4A391D54-D763-448C-8C7B-2A88747E80DD}.Debug|x86.Build.0 = Debug|Any CPU
		{4A391D54-D763-448C-8C7B-2A88747E80DD}.Release|Any CPU.ActiveCfg = Release|Any CPU
		{4A391D54-D763-448C-8C7B-2A88747E80DD}.Release|Any CPU.Build.0 = Release|Any CPU
		{4A391D54-D763-448C-8C7B-2A88747E80DD}.Release|x64.ActiveCfg = Release|Any CPU
		{4A391D54-D763-448C-8C7B-2A88747E80DD}.Release|x64.Build.0 = Release|Any CPU
		{4A391D54-D763-448C-8C7B-2A88747E80DD}.Release|x86.ActiveCfg = Release|Any CPU
		{4A391D54-D763-448C-8C7B-2A88747E80DD}.Release|x86.Build.0 = Release|Any CPU
		{C79F9793-58E9-4BAC-BA40-B4EEEBEFF4CA}.Debug|Any CPU.ActiveCfg = Debug|Any CPU
		{C79F9793-58E9-4BAC-BA40-B4EEEBEFF4CA}.Debug|Any CPU.Build.0 = Debug|Any CPU
		{C79F9793-58E9-4BAC-BA40-B4EEEBEFF4CA}.Debug|x64.ActiveCfg = Debug|Any CPU
		{C79F9793-58E9-4BAC-BA40-B4EEEBEFF4CA}.Debug|x64.Build.0 = Debug|Any CPU
		{C79F9793-58E9-4BAC-BA40-B4EEEBEFF4CA}.Debug|x86.ActiveCfg = Debug|Any CPU
		{C79F9793-58E9-4BAC-BA40-B4EEEBEFF4CA}.Debug|x86.Build.0 = Debug|Any CPU
		{C79F9793-58E9-4BAC-BA40-B4EEEBEFF4CA}.Release|Any CPU.ActiveCfg = Release|Any CPU
		{C79F9793-58E9-4BAC-BA40-B4EEEBEFF4CA}.Release|Any CPU.Build.0 = Release|Any CPU
		{C79F9793-58E9-4BAC-BA40-B4EEEBEFF4CA}.Release|x64.ActiveCfg = Release|Any CPU
		{C79F9793-58E9-4BAC-BA40-B4EEEBEFF4CA}.Release|x64.Build.0 = Release|Any CPU
		{C79F9793-58E9-4BAC-BA40-B4EEEBEFF4CA}.Release|x86.ActiveCfg = Release|Any CPU
		{C79F9793-58E9-4BAC-BA40-B4EEEBEFF4CA}.Release|x86.Build.0 = Release|Any CPU
	EndGlobalSection
	GlobalSection(SolutionProperties) = preSolution
		HideSolutionNode = FALSE
	EndGlobalSection
	GlobalSection(NestedProjects) = preSolution
		{B37BF052-F3BF-4705-B0CC-CA425FE81EA2} = {66320409-64EC-F7C5-3DEF-65E7510DAAD1}
		{F49C505E-B40C-45F6-8090-52664F12898F} = {827E0CD3-B72D-47B6-A68D-7590B98EB39B}
		{4778092F-A896-4587-B455-BAC857F68C0E} = {827E0CD3-B72D-47B6-A68D-7590B98EB39B}
		{4CBBE9B2-2F40-4D09-B46E-8C71FE0E233C} = {827E0CD3-B72D-47B6-A68D-7590B98EB39B}
		{E5C46379-3E18-4559-9158-BB89E8AD1A22} = {827E0CD3-B72D-47B6-A68D-7590B98EB39B}
		{2DE3238F-C47D-474A-984C-4007E0414334} = {0AB3BF05-4346-4AA6-1389-037BE0695223}
		{FD8E2AEC-32F2-4DA7-B979-F44298D14B73} = {0AB3BF05-4346-4AA6-1389-037BE0695223}
		{A1B59A9F-D262-4132-A471-12FA39E2FC5C} = {0AB3BF05-4346-4AA6-1389-037BE0695223}
		{7D892AC4-6DC7-4DBB-BBEF-BD2B29940AD9} = {0AB3BF05-4346-4AA6-1389-037BE0695223}
		{07EDA99B-06E2-41AD-A6FB-11B82E9DE258} = {827E0CD3-B72D-47B6-A68D-7590B98EB39B}
		{A5D09B26-2B2F-4E1E-9434-D37E0BAD2F17} = {0AB3BF05-4346-4AA6-1389-037BE0695223}
		{53873BDD-FF3F-438B-A45B-E6DD628AB964} = {0AB3BF05-4346-4AA6-1389-037BE0695223}
		{91C35909-2558-4055-A055-F06901C87E6B} = {0AB3BF05-4346-4AA6-1389-037BE0695223}
		{5469EA2F-4135-47FE-AE18-C7244AD81FE3} = {827E0CD3-B72D-47B6-A68D-7590B98EB39B}
		{4A391D54-D763-448C-8C7B-2A88747E80DD} = {827E0CD3-B72D-47B6-A68D-7590B98EB39B}
		{C79F9793-58E9-4BAC-BA40-B4EEEBEFF4CA} = {827E0CD3-B72D-47B6-A68D-7590B98EB39B}
	EndGlobalSection
EndGlobal
